
Microsoft Visual Studio Solution File, Format Version 12.00
# Visual Studio Version 17
VisualStudioVersion = 17.10.34707.107
MinimumVisualStudioVersion = 10.0.40219.1
Project("{FAE04EC0-301F-11D3-BF4B-00C04F79EFBC}") = "IOOP Assignment", "IOOP Assignment\IOOP Assignment.csproj", "{C3419D24-1B81-42D0-B8F2-7E93387CA8EE}"
EndProject
Global
	GlobalSection(SolutionConfigurationPlatforms) = preSolution
		Debug|Any CPU = Debug|Any CPU
		Release|Any CPU = Release|Any CPU
	EndGlobalSection
	GlobalSection(ProjectConfigurationPlatforms) = postSolution
		{C3419D24-1B81-42D0-B8F2-7E93387CA8EE}.Debug|Any CPU.ActiveCfg = Debug|Any CPU
		{C3419D24-1B81-42D0-B8F2-7E93387CA8EE}.Debug|Any CPU.Build.0 = Debug|Any CPU
		{C3419D24-1B81-42D0-B8F2-7E93387CA8EE}.Release|Any CPU.ActiveCfg = Release|Any CPU
		{C3419D24-1B81-42D0-B8F2-7E93387CA8EE}.Release|Any CPU.Build.0 = Release|Any CPU
	EndGlobalSection
	GlobalSection(SolutionProperties) = preSolution
		HideSolutionNode = FALSE
	EndGlobalSection
	GlobalSection(ExtensibilityGlobals) = postSolution
		SolutionGuid = {5BBC9C37-075D-4819-BE15-BEF8BD3A311A}
	EndGlobalSection
EndGlobal
